// !$*UTF8*$!
{
	archiveVersion = 1;
	classes = {
	};
	objectVersion = 56;
	objects = {

/* Begin PBXBuildFile section */
		21424EAC2AD58B1D009E5E03 /* main.swift in Sources */ = {isa = PBXBuildFile; fileRef = 21424EAB2AD58B1D009E5E03 /* main.swift */; };
		21424EC12AD58EA8009E5E03 /* Cat.swift in Sources */ = {isa = PBXBuildFile; fileRef = 21424EC02AD58EA8009E5E03 /* Cat.swift */; };
		21424EC32AD58EB4009E5E03 /* Dog.swift in Sources */ = {isa = PBXBuildFile; fileRef = 21424EC22AD58EB4009E5E03 /* Dog.swift */; };
		21424EC52AD58EC2009E5E03 /* Frog.swift in Sources */ = {isa = PBXBuildFile; fileRef = 21424EC42AD58EC2009E5E03 /* Frog.swift */; };
		21424EC72AD58ECF009E5E03 /* Animal.swift in Sources */ = {isa = PBXBuildFile; fileRef = 21424EC62AD58ECF009E5E03 /* Animal.swift */; };
		21424EC92AD58FBD009E5E03 /* Geometry.swift in Sources */ = {isa = PBXBuildFile; fileRef = 21424EC82AD58FBD009E5E03 /* Geometry.swift */; };
		21424ECB2AD5901D009E5E03 /* Circle.swift in Sources */ = {isa = PBXBuildFile; fileRef = 21424ECA2AD5901D009E5E03 /* Circle.swift */; };
/* End PBXBuildFile section */

/* Begin PBXCopyFilesBuildPhase section */
		21424EA62AD58B1D009E5E03 /* CopyFiles */ = {
			isa = PBXCopyFilesBuildPhase;
			buildActionMask = 2147483647;
			dstPath = /usr/share/man/man1/;
			dstSubfolderSpec = 0;
			files = (
			);
			runOnlyForDeploymentPostprocessing = 1;
		};
/* End PBXCopyFilesBuildPhase section */

/* Begin PBXFileReference section */
		21424EA82AD58B1D009E5E03 /* 3 */ = {isa = PBXFileReference; explicitFileType = "compiled.mach-o.executable"; includeInIndex = 0; path = 3; sourceTree = BUILT_PRODUCTS_DIR; };
		21424EAB2AD58B1D009E5E03 /* main.swift */ = {isa = PBXFileReference; lastKnownFileType = sourcecode.swift; path = main.swift; sourceTree = "<group>"; };
		21424EC02AD58EA8009E5E03 /* Cat.swift */ = {isa = PBXFileReference; lastKnownFileType = sourcecode.swift; path = Cat.swift; sourceTree = "<group>"; };
		21424EC22AD58EB4009E5E03 /* Dog.swift */ = {isa = PBXFileReference; lastKnownFileType = sourcecode.swift; path = Dog.swift; sourceTree = "<group>"; };
		21424EC42AD58EC2009E5E03 /* Frog.swift */ = {isa = PBXFileReference; lastKnownFileType = sourcecode.swift; path = Frog.swift; sourceTree = "<group>"; };
		21424EC62AD58ECF009E5E03 /* Animal.swift */ = {isa = PBXFileReference; lastKnownFileType = sourcecode.swift; path = Animal.swift; sourceTree = "<group>"; };
		21424EC82AD58FBD009E5E03 /* Geometry.swift */ = {isa = PBXFileReference; lastKnownFileType = sourcecode.swift; path = Geometry.swift; sourceTree = "<group>"; };
		21424ECA2AD5901D009E5E03 /* Circle.swift */ = {isa = PBXFileReference; lastKnownFileType = sourcecode.swift; path = Circle.swift; sourceTree = "<group>"; };
/* End PBXFileReference section */

/* Begin PBXFrameworksBuildPhase section */
		21424EA52AD58B1D009E5E03 /* Frameworks */ = {
			isa = PBXFrameworksBuildPhase;
			buildActionMask = 2147483647;
			files = (
			);
			runOnlyForDeploymentPostprocessing = 0;
		};
/* End PBXFrameworksBuildPhase section */

/* Begin PBXGroup section */
		21424E9F2AD58B1D009E5E03 = {
			isa = PBXGroup;
			children = (
				21424EAA2AD58B1D009E5E03 /* 3 */,
				21424EA92AD58B1D009E5E03 /* Products */,
			);
			sourceTree = "<group>";
		};
		21424EA92AD58B1D009E5E03 /* Products */ = {
			isa = PBXGroup;
			children = (
				21424EA82AD58B1D009E5E03 /* 3 */,
			);
			name = Products;
			sourceTree = "<group>";
		};
		21424EAA2AD58B1D009E5E03 /* 3 */ = {
			isa = PBXGroup;
			children = (
				21424EAB2AD58B1D009E5E03 /* main.swift */,
				21424EC02AD58EA8009E5E03 /* Cat.swift */,
				21424EC22AD58EB4009E5E03 /* Dog.swift */,
				21424EC42AD58EC2009E5E03 /* Frog.swift */,
				21424EC62AD58ECF009E5E03 /* Animal.swift */,
				21424EC82AD58FBD009E5E03 /* Geometry.swift */,
				21424ECA2AD5901D009E5E03 /* Circle.swift */,
			);
			path = 3;
			sourceTree = "<group>";
		};
/* End PBXGroup section */

/* Begin PBXNativeTarget section */
		21424EA72AD58B1D009E5E03 /* 3 */ = {
			isa = PBXNativeTarget;
			buildConfigurationList = 21424EAF2AD58B1D009E5E03 /* Build configuration list for PBXNativeTarget "3" */;
			buildPhases = (
				21424EA42AD58B1D009E5E03 /* Sources */,
				21424EA52AD58B1D009E5E03 /* Frameworks */,
				21424EA62AD58B1D009E5E03 /* CopyFiles */,
			);
			buildRules = (
			);
			dependencies = (
			);
			name = 3;
			productName = 3;
			productReference = 21424EA82AD58B1D009E5E03 /* 3 */;
			productType = "com.apple.product-type.tool";
		};
/* End PBXNativeTarget section */

/* Begin PBXProject section */
		21424EA02AD58B1D009E5E03 /* Project object */ = {
			isa = PBXProject;
			attributes = {
				BuildIndependentTargetsInParallel = 1;
				LastSwiftUpdateCheck = 1430;
				LastUpgradeCheck = 1430;
				TargetAttributes = {
					21424EA72AD58B1D009E5E03 = {
						CreatedOnToolsVersion = 14.3;
					};
				};
			};
			buildConfigurationList = 21424EA32AD58B1D009E5E03 /* Build configuration list for PBXProject "3" */;
			compatibilityVersion = "Xcode 14.0";
			developmentRegion = en;
			hasScannedForEncodings = 0;
			knownRegions = (
				en,
				Base,
			);
			mainGroup = 21424E9F2AD58B1D009E5E03;
			productRefGroup = 21424EA92AD58B1D009E5E03 /* Products */;
			projectDirPath = "";
			projectRoot = "";
			targets = (
				21424EA72AD58B1D009E5E03 /* 3 */,
			);
		};
/* End PBXProject section */

/* Begin PBXSourcesBuildPhase section */
		21424EA42AD58B1D009E5E03 /* Sources */ = {
			isa = PBXSourcesBuildPhase;
			buildActionMask = 2147483647;
			files = (
				21424ECB2AD5901D009E5E03 /* Circle.swift in Sources */,
				21424EC12AD58EA8009E5E03 /* Cat.swift in Sources */,
				21424EC92AD58FBD009E5E03 /* Geometry.swift in Sources */,
				21424EAC2AD58B1D009E5E03 /* main.swift in Sources */,
				21424EC32AD58EB4009E5E03 /* Dog.swift in Sources */,
				21424EC52AD58EC2009E5E03 /* Frog.swift in Sources */,
				21424EC72AD58ECF009E5E03 /* Animal.swift in Sources */,
			);
			runOnlyForDeploymentPostprocessing = 0;
		};
/* End PBXSourcesBuildPhase section */

/* Begin XCBuildConfiguration section */
		21424EAD2AD58B1D009E5E03 /* Debug */ = {
			isa = XCBuildConfiguration;
			buildSettings = {
				ALWAYS_SEARCH_USER_PATHS = NO;
				CLANG_ANALYZER_NONNULL = YES;
				CLANG_ANALYZER_NUMBER_OBJECT_CONVERSION = YES_AGGRESSIVE;
				CLANG_CXX_LANGUAGE_STANDARD = "gnu++20";
				CLANG_ENABLE_MODULES = YES;
				CLANG_ENABLE_OBJC_ARC = YES;
				CLANG_ENABLE_OBJC_WEAK = YES;
				CLANG_WARN_BLOCK_CAPTURE_AUTORELEASING = YES;
				CLANG_WARN_BOOL_CONVERSION = YES;
				CLANG_WARN_COMMA = YES;
				CLANG_WARN_CONSTANT_CONVERSION = YES;
				CLANG_WARN_DEPRECATED_OBJC_IMPLEMENTATIONS = YES;
				CLANG_WARN_DIRECT_OBJC_ISA_USAGE = YES_ERROR;
				CLANG_WARN_DOCUMENTATION_COMMENTS = YES;
				CLANG_WARN_EMPTY_BODY = YES;
				CLANG_WARN_ENUM_CONVERSION = YES;
				CLANG_WARN_INFINITE_RECURSION = YES;
				CLANG_WARN_INT_CONVERSION = YES;
				CLANG_WARN_NON_LITERAL_NULL_CONVERSION = YES;
				CLANG_WARN_OBJC_IMPLICIT_RETAIN_SELF = YES;
				CLANG_WARN_OBJC_LITERAL_CONVERSION = YES;
				CLANG_WARN_OBJC_ROOT_CLASS = YES_ERROR;
				CLANG_WARN_QUOTED_INCLUDE_IN_FRAMEWORK_HEADER = YES;
				CLANG_WARN_RANGE_LOOP_ANALYSIS = YES;
				CLANG_WARN_STRICT_PROTOTYPES = YES;
				CLANG_WARN_SUSPICIOUS_MOVE = YES;
				CLANG_WARN_UNGUARDED_AVAILABILITY = YES_AGGRESSIVE;
				CLANG_WARN_UNREACHABLE_CODE = YES;
				CLANG_WARN__DUPLICATE_METHOD_MATCH = YES;
				COPY_PHASE_STRIP = NO;
				DEBUG_INFORMATION_FORMAT = dwarf;
				ENABLE_STRICT_OBJC_MSGSEND = YES;
				ENABLE_TESTABILITY = YES;
				GCC_C_LANGUAGE_STANDARD = gnu11;
				GCC_DYNAMIC_NO_PIC = NO;
				GCC_NO_COMMON_BLOCKS = YES;
				GCC_OPTIMIZATION_LEVEL = 0;
				GCC_PREPROCESSOR_DEFINITIONS = (
					"DEBUG=1",
					"$(inherited)",
				);
				GCC_WARN_64_TO_32_BIT_CONVERSION = YES;
				GCC_WARN_ABOUT_RETURN_TYPE = YES_ERROR;
				GCC_WARN_UNDECLARED_SELECTOR = YES;
				GCC_WARN_UNINITIALIZED_AUTOS = YES_AGGRESSIVE;
				GCC_WARN_UNUSED_FUNCTION = YES;
				GCC_WARN_UNUSED_VARIABLE = YES;
				MACOSX_DEPLOYMENT_TARGET = 13.3;
				MTL_ENABLE_DEBUG_INFO = INCLUDE_SOURCE;
				MTL_FAST_MATH = YES;
				ONLY_ACTIVE_ARCH = YES;
				SDKROOT = macosx;
				SWIFT_ACTIVE_COMPILATION_CONDITIONS = DEBUG;
				SWIFT_OPTIMIZATION_LEVEL = "-Onone";
			};
			name = Debug;
		};
		21424EAE2AD58B1D009E5E03 /* Release */ = {
			isa = XCBuildConfiguration;
			buildSettings = {
				ALWAYS_SEARCH_USER_PATHS = NO;
				CLANG_ANALYZER_NONNULL = YES;
				CLANG_ANALYZER_NUMBER_OBJECT_CONVERSION = YES_AGGRESSIVE;
				CLANG_CXX_LANGUAGE_STANDARD = "gnu++20";
				CLANG_ENABLE_MODULES = YES;
				CLANG_ENABLE_OBJC_ARC = YES;
				CLANG_ENABLE_OBJC_WEAK = YES;
				CLANG_WARN_BLOCK_CAPTURE_AUTORELEASING = YES;
				CLANG_WARN_BOOL_CONVERSION = YES;
				CLANG_WARN_COMMA = YES;
				CLANG_WARN_CONSTANT_CONVERSION = YES;
				CLANG_WARN_DEPRECATED_OBJC_IMPLEMENTATIONS = YES;
				CLANG_WARN_DIRECT_OBJC_ISA_USAGE = YES_ERROR;
				CLANG_WARN_DOCUMENTATION_COMMENTS = YES;
				CLANG_WARN_EMPTY_BODY = YES;
				CLANG_WARN_ENUM_CONVERSION = YES;
				CLANG_WARN_INFINITE_RECURSION = YES;
				CLANG_WARN_INT_CONVERSION = YES;
				CLANG_WARN_NON_LITERAL_NULL_CONVERSION = YES;
				CLANG_WARN_OBJC_IMPLICIT_RETAIN_SELF = YES;
				CLANG_WARN_OBJC_LITERAL_CONVERSION = YES;
				CLANG_WARN_OBJC_ROOT_CLASS = YES_ERROR;
				CLANG_WARN_QUOTED_INCLUDE_IN_FRAMEWORK_HEADER = YES;
				CLANG_WARN_RANGE_LOOP_ANALYSIS = YES;
				CLANG_WARN_STRICT_PROTOTYPES = YES;
				CLANG_WARN_SUSPICIOUS_MOVE = YES;
				CLANG_WARN_UNGUARDED_AVAILABILITY = YES_AGGRESSIVE;
				CLANG_WARN_UNREACHABLE_CODE = YES;
				CLANG_WARN__DUPLICATE_METHOD_MATCH = YES;
				COPY_PHASE_STRIP = NO;
				DEBUG_INFORMATION_FORMAT = "dwarf-with-dsym";
				ENABLE_NS_ASSERTIONS = NO;
				ENABLE_STRICT_OBJC_MSGSEND = YES;
				GCC_C_LANGUAGE_STANDARD = gnu11;
				GCC_NO_COMMON_BLOCKS = YES;
				GCC_WARN_64_TO_32_BIT_CONVERSION = YES;
				GCC_WARN_ABOUT_RETURN_TYPE = YES_ERROR;
				GCC_WARN_UNDECLARED_SELECTOR = YES;
				GCC_WARN_UNINITIALIZED_AUTOS = YES_AGGRESSIVE;
				GCC_WARN_UNUSED_FUNCTION = YES;
				GCC_WARN_UNUSED_VARIABLE = YES;
				MACOSX_DEPLOYMENT_TARGET = 13.3;
				MTL_ENABLE_DEBUG_INFO = NO;
				MTL_FAST_MATH = YES;
				SDKROOT = macosx;
				SWIFT_COMPILATION_MODE = wholemodule;
				SWIFT_OPTIMIZATION_LEVEL = "-O";
			};
			name = Release;
		};
		21424EB02AD58B1D009E5E03 /* Debug */ = {
			isa = XCBuildConfiguration;
			buildSettings = {
				CODE_SIGN_STYLE = Automatic;
				PRODUCT_NAME = "$(TARGET_NAME)";
				SWIFT_VERSION = 5.0;
			};
			name = Debug;
		};
		21424EB12AD58B1D009E5E03 /* Release */ = {
			isa = XCBuildConfiguration;
			buildSettings = {
				CODE_SIGN_STYLE = Automatic;
				PRODUCT_NAME = "$(TARGET_NAME)";
				SWIFT_VERSION = 5.0;
			};
			name = Release;
		};
/* End XCBuildConfiguration section */

/* Begin XCConfigurationList section */
		21424EA32AD58B1D009E5E03 /* Build configuration list for PBXProject "3" */ = {
			isa = XCConfigurationList;
			buildConfigurations = (
				21424EAD2AD58B1D009E5E03 /* Debug */,
				21424EAE2AD58B1D009E5E03 /* Release */,
			);
			defaultConfigurationIsVisible = 0;
			defaultConfigurationName = Release;
		};
		21424EAF2AD58B1D009E5E03 /* Build configuration list for PBXNativeTarget "3" */ = {
			isa = XCConfigurationList;
			buildConfigurations = (
				21424EB02AD58B1D009E5E03 /* Debug */,
				21424EB12AD58B1D009E5E03 /* Release */,
			);
			defaultConfigurationIsVisible = 0;
			defaultConfigurationName = Release;
		};
/* End XCConfigurationList section */
	};
	rootObject = 21424EA02AD58B1D009E5E03 /* Project object */;
}
